
Microsoft Visual Studio Solution File, Format Version 12.00
# Visual Studio Version 17
VisualStudioVersion = 17.4.33205.214
MinimumVisualStudioVersion = 10.0.40219.1
Project("{9A19103F-16F7-4668-BE54-9A1E7A4F7556}") = "ProductifyProUI", "TESTGM\ProductifyProUI.csproj", "{A49875EE-608C-4CCB-BEE2-84E9457E42C9}"
EndProject
Global
	GlobalSection(SolutionConfigurationPlatforms) = preSolution
		Debug|Any CPU = Debug|Any CPU
		Release|Any CPU = Release|Any CPU
	EndGlobalSection
	GlobalSection(ProjectConfigurationPlatforms) = postSolution
		{A49875EE-608C-4CCB-BEE2-84E9457E42C9}.Debug|Any CPU.ActiveCfg = Debug|Any CPU
		{A49875EE-608C-4CCB-BEE2-84E9457E42C9}.Debug|Any CPU.Build.0 = Debug|Any CPU
		{A49875EE-608C-4CCB-BEE2-84E9457E42C9}.Release|Any CPU.ActiveCfg = Release|Any CPU
		{A49875EE-608C-4CCB-BEE2-84E9457E42C9}.Release|Any CPU.Build.0 = Release|Any CPU
	EndGlobalSection
	GlobalSection(SolutionProperties) = preSolution
		HideSolutionNode = FALSE
	EndGlobalSection
	GlobalSection(ExtensibilityGlobals) = postSolution
		SolutionGuid = {A4F8D25E-04C5-44C9-9A27-72269E97390C}
	EndGlobalSection
EndGlobal
